// !$*UTF8*$!
{
	archiveVersion = 1;
	classes = {
	};
	objectVersion = 56;
	objects = {

/* Begin PBXBuildFile section */
		DBF249C82B2CDCA10042D967 /* FlashLightApp.swift in Sources */ = {isa = PBXBuildFile; fileRef = DBF249C72B2CDCA10042D967 /* FlashLightApp.swift */; };
		DBF249CA2B2CDCA10042D967 /* ContentView.swift in Sources */ = {isa = PBXBuildFile; fileRef = DBF249C92B2CDCA10042D967 /* ContentView.swift */; };
		DBF249CC2B2CDCA40042D967 /* Assets.xcassets in Resources */ = {isa = PBXBuildFile; fileRef = DBF249CB2B2CDCA40042D967 /* Assets.xcassets */; };
		DBF249CF2B2CDCA40042D967 /* Preview Assets.xcassets in Resources */ = {isa = PBXBuildFile; fileRef = DBF249CE2B2CDCA40042D967 /* Preview Assets.xcassets */; };
		DBF249D92B2CDCA40042D967 /* FlashLightTests.swift in Sources */ = {isa = PBXBuildFile; fileRef = DBF249D82B2CDCA40042D967 /* FlashLightTests.swift */; };
		DBF249E32B2CDCA40042D967 /* FlashLightUITests.swift in Sources */ = {isa = PBXBuildFile; fileRef = DBF249E22B2CDCA40042D967 /* FlashLightUITests.swift */; };
		DBF249E52B2CDCA40042D967 /* FlashLightUITestsLaunchTests.swift in Sources */ = {isa = PBXBuildFile; fileRef = DBF249E42B2CDCA40042D967 /* FlashLightUITestsLaunchTests.swift */; };
/* End PBXBuildFile section */

/* Begin PBXContainerItemProxy section */
		DBF249D52B2CDCA40042D967 /* PBXContainerItemProxy */ = {
			isa = PBXContainerItemProxy;
			containerPortal = DBF249BC2B2CDCA10042D967 /* Project object */;
			proxyType = 1;
			remoteGlobalIDString = DBF249C32B2CDCA10042D967;
			remoteInfo = FlashLight;
		};
		DBF249DF2B2CDCA40042D967 /* PBXContainerItemProxy */ = {
			isa = PBXContainerItemProxy;
			containerPortal = DBF249BC2B2CDCA10042D967 /* Project object */;
			proxyType = 1;
			remoteGlobalIDString = DBF249C32B2CDCA10042D967;
			remoteInfo = FlashLight;
		};
/* End PBXContainerItemProxy section */

/* Begin PBXFileReference section */
		DBF249C42B2CDCA10042D967 /* FlashLight.app */ = {isa = PBXFileReference; explicitFileType = wrapper.application; includeInIndex = 0; path = FlashLight.app; sourceTree = BUILT_PRODUCTS_DIR; };
		DBF249C72B2CDCA10042D967 /* FlashLightApp.swift */ = {isa = PBXFileReference; lastKnownFileType = sourcecode.swift; path = FlashLightApp.swift; sourceTree = "<group>"; };
		DBF249C92B2CDCA10042D967 /* ContentView.swift */ = {isa = PBXFileReference; lastKnownFileType = sourcecode.swift; path = ContentView.swift; sourceTree = "<group>"; };
		DBF249CB2B2CDCA40042D967 /* Assets.xcassets */ = {isa = PBXFileReference; lastKnownFileType = folder.assetcatalog; path = Assets.xcassets; sourceTree = "<group>"; };
		DBF249CE2B2CDCA40042D967 /* Preview Assets.xcassets */ = {isa = PBXFileReference; lastKnownFileType = folder.assetcatalog; path = "Preview Assets.xcassets"; sourceTree = "<group>"; };
		DBF249D42B2CDCA40042D967 /* FlashLightTests.xctest */ = {isa = PBXFileReference; explicitFileType = wrapper.cfbundle; includeInIndex = 0; path = FlashLightTests.xctest; sourceTree = BUILT_PRODUCTS_DIR; };
		DBF249D82B2CDCA40042D967 /* FlashLightTests.swift */ = {isa = PBXFileReference; lastKnownFileType = sourcecode.swift; path = FlashLightTests.swift; sourceTree = "<group>"; };
		DBF249DE2B2CDCA40042D967 /* FlashLightUITests.xctest */ = {isa = PBXFileReference; explicitFileType = wrapper.cfbundle; includeInIndex = 0; path = FlashLightUITests.xctest; sourceTree = BUILT_PRODUCTS_DIR; };
		DBF249E22B2CDCA40042D967 /* FlashLightUITests.swift */ = {isa = PBXFileReference; lastKnownFileType = sourcecode.swift; path = FlashLightUITests.swift; sourceTree = "<group>"; };
		DBF249E42B2CDCA40042D967 /* FlashLightUITestsLaunchTests.swift */ = {isa = PBXFileReference; lastKnownFileType = sourcecode.swift; path = FlashLightUITestsLaunchTests.swift; sourceTree = "<group>"; };
/* End PBXFileReference section */

/* Begin PBXFrameworksBuildPhase section */
		DBF249C12B2CDCA10042D967 /* Frameworks */ = {
			isa = PBXFrameworksBuildPhase;
			buildActionMask = 2147483647;
			files = (
			);
			runOnlyForDeploymentPostprocessing = 0;
		};
		DBF249D12B2CDCA40042D967 /* Frameworks */ = {
			isa = PBXFrameworksBuildPhase;
			buildActionMask = 2147483647;
			files = (
			);
			runOnlyForDeploymentPostprocessing = 0;
		};
		DBF249DB2B2CDCA40042D967 /* Frameworks */ = {
			isa = PBXFrameworksBuildPhase;
			buildActionMask = 2147483647;
			files = (
			);
			runOnlyForDeploymentPostprocessing = 0;
		};
/* End PBXFrameworksBuildPhase section */

/* Begin PBXGroup section */
		DBF249BB2B2CDCA10042D967 = {
			isa = PBXGroup;
			children = (
				DBF249C62B2CDCA10042D967 /* FlashLight */,
				DBF249D72B2CDCA40042D967 /* FlashLightTests */,
				DBF249E12B2CDCA40042D967 /* FlashLightUITests */,
				DBF249C52B2CDCA10042D967 /* Products */,
			);
			sourceTree = "<group>";
		};
		DBF249C52B2CDCA10042D967 /* Products */ = {
			isa = PBXGroup;
			children = (
				DBF249C42B2CDCA10042D967 /* FlashLight.app */,
				DBF249D42B2CDCA40042D967 /* FlashLightTests.xctest */,
				DBF249DE2B2CDCA40042D967 /* FlashLightUITests.xctest */,
			);
			name = Products;
			sourceTree = "<group>";
		};
		DBF249C62B2CDCA10042D967 /* FlashLight */ = {
			isa = PBXGroup;
			children = (
				DBF249C72B2CDCA10042D967 /* FlashLightApp.swift */,
				DBF249C92B2CDCA10042D967 /* ContentView.swift */,
				DBF249CB2B2CDCA40042D967 /* Assets.xcassets */,
				DBF249CD2B2CDCA40042D967 /* Preview Content */,
			);
			path = FlashLight;
			sourceTree = "<group>";
		};
		DBF249CD2B2CDCA40042D967 /* Preview Content */ = {
			isa = PBXGroup;
			children = (
				DBF249CE2B2CDCA40042D967 /* Preview Assets.xcassets */,
			);
			path = "Preview Content";
			sourceTree = "<group>";
		};
		DBF249D72B2CDCA40042D967 /* FlashLightTests */ = {
			isa = PBXGroup;
			children = (
				DBF249D82B2CDCA40042D967 /* FlashLightTests.swift */,
			);
			path = FlashLightTests;
			sourceTree = "<group>";
		};
		DBF249E12B2CDCA40042D967 /* FlashLightUITests */ = {
			isa = PBXGroup;
			children = (
				DBF249E22B2CDCA40042D967 /* FlashLightUITests.swift */,
				DBF249E42B2CDCA40042D967 /* FlashLightUITestsLaunchTests.swift */,
			);
			path = FlashLightUITests;
			sourceTree = "<group>";
		};
/* End PBXGroup section */

/* Begin PBXNativeTarget section */
		DBF249C32B2CDCA10042D967 /* FlashLight */ = {
			isa = PBXNativeTarget;
			buildConfigurationList = DBF249E82B2CDCA40042D967 /* Build configuration list for PBXNativeTarget "FlashLight" */;
			buildPhases = (
				DBF249C02B2CDCA10042D967 /* Sources */,
				DBF249C12B2CDCA10042D967 /* Frameworks */,
				DBF249C22B2CDCA10042D967 /* Resources */,
			);
			buildRules = (
			);
			dependencies = (
			);
			name = FlashLight;
			productName = FlashLight;
			productReference = DBF249C42B2CDCA10042D967 /* FlashLight.app */;
			productType = "com.apple.product-type.application";
		};
		DBF249D32B2CDCA40042D967 /* FlashLightTests */ = {
			isa = PBXNativeTarget;
			buildConfigurationList = DBF249EB2B2CDCA40042D967 /* Build configuration list for PBXNativeTarget "FlashLightTests" */;
			buildPhases = (
				DBF249D02B2CDCA40042D967 /* Sources */,
				DBF249D12B2CDCA40042D967 /* Frameworks */,
				DBF249D22B2CDCA40042D967 /* Resources */,
			);
			buildRules = (
			);
			dependencies = (
				DBF249D62B2CDCA40042D967 /* PBXTargetDependency */,
			);
			name = FlashLightTests;
			productName = FlashLightTests;
			productReference = DBF249D42B2CDCA40042D967 /* FlashLightTests.xctest */;
			productType = "com.apple.product-type.bundle.unit-test";
		};
		DBF249DD2B2CDCA40042D967 /* FlashLightUITests */ = {
			isa = PBXNativeTarget;
			buildConfigurationList = DBF249EE2B2CDCA40042D967 /* Build configuration list for PBXNativeTarget "FlashLightUITests" */;
			buildPhases = (
				DBF249DA2B2CDCA40042D967 /* Sources */,
				DBF249DB2B2CDCA40042D967 /* Frameworks */,
				DBF249DC2B2CDCA40042D967 /* Resources */,
			);
			buildRules = (
			);
			dependencies = (
				DBF249E02B2CDCA40042D967 /* PBXTargetDependency */,
			);
			name = FlashLightUITests;
			productName = FlashLightUITests;
			productReference = DBF249DE2B2CDCA40042D967 /* FlashLightUITests.xctest */;
			productType = "com.apple.product-type.bundle.ui-testing";
		};
/* End PBXNativeTarget section */

/* Begin PBXProject section */
		DBF249BC2B2CDCA10042D967 /* Project object */ = {
			isa = PBXProject;
			attributes = {
				BuildIndependentTargetsInParallel = 1;
				LastSwiftUpdateCheck = 1510;
				LastUpgradeCheck = 1510;
				TargetAttributes = {
					DBF249C32B2CDCA10042D967 = {
						CreatedOnToolsVersion = 15.1;
					};
					DBF249D32B2CDCA40042D967 = {
						CreatedOnToolsVersion = 15.1;
						TestTargetID = DBF249C32B2CDCA10042D967;
					};
					DBF249DD2B2CDCA40042D967 = {
						CreatedOnToolsVersion = 15.1;
						TestTargetID = DBF249C32B2CDCA10042D967;
					};
				};
			};
			buildConfigurationList = DBF249BF2B2CDCA10042D967 /* Build configuration list for PBXProject "FlashLight" */;
			compatibilityVersion = "Xcode 14.0";
			developmentRegion = en;
			hasScannedForEncodings = 0;
			knownRegions = (
				en,
				Base,
			);
			mainGroup = DBF249BB2B2CDCA10042D967;
			productRefGroup = DBF249C52B2CDCA10042D967 /* Products */;
			projectDirPath = "";
			projectRoot = "";
			targets = (
				DBF249C32B2CDCA10042D967 /* FlashLight */,
				DBF249D32B2CDCA40042D967 /* FlashLightTests */,
				DBF249DD2B2CDCA40042D967 /* FlashLightUITests */,
			);
		};
/* End PBXProject section */

/* Begin PBXResourcesBuildPhase section */
		DBF249C22B2CDCA10042D967 /* Resources */ = {
			isa = PBXResourcesBuildPhase;
			buildActionMask = 2147483647;
			files = (
				DBF249CF2B2CDCA40042D967 /* Preview Assets.xcassets in Resources */,
				DBF249CC2B2CDCA40042D967 /* Assets.xcassets in Resources */,
			);
			runOnlyForDeploymentPostprocessing = 0;
		};
		DBF249D22B2CDCA40042D967 /* Resources */ = {
			isa = PBXResourcesBuildPhase;
			buildActionMask = 2147483647;
			files = (
			);
			runOnlyForDeploymentPostprocessing = 0;
		};
		DBF249DC2B2CDCA40042D967 /* Resources */ = {
			isa = PBXResourcesBuildPhase;
			buildActionMask = 2147483647;
			files = (
			);
			runOnlyForDeploymentPostprocessing = 0;
		};
/* End PBXResourcesBuildPhase section */

/* Begin PBXSourcesBuildPhase section */
		DBF249C02B2CDCA10042D967 /* Sources */ = {
			isa = PBXSourcesBuildPhase;
			buildActionMask = 2147483647;
			files = (
				DBF249CA2B2CDCA10042D967 /* ContentView.swift in Sources */,
				DBF249C82B2CDCA10042D967 /* FlashLightApp.swift in Sources */,
			);
			runOnlyForDeploymentPostprocessing = 0;
		};
		DBF249D02B2CDCA40042D967 /* Sources */ = {
			isa = PBXSourcesBuildPhase;
			buildActionMask = 2147483647;
			files = (
				DBF249D92B2CDCA40042D967 /* FlashLightTests.swift in Sources */,
			);
			runOnlyForDeploymentPostprocessing = 0;
		};
		DBF249DA2B2CDCA40042D967 /* Sources */ = {
			isa = PBXSourcesBuildPhase;
			buildActionMask = 2147483647;
			files = (
				DBF249E52B2CDCA40042D967 /* FlashLightUITestsLaunchTests.swift in Sources */,
				DBF249E32B2CDCA40042D967 /* FlashLightUITests.swift in Sources */,
			);
			runOnlyForDeploymentPostprocessing = 0;
		};
/* End PBXSourcesBuildPhase section */

/* Begin PBXTargetDependency section */
		DBF249D62B2CDCA40042D967 /* PBXTargetDependency */ = {
			isa = PBXTargetDependency;
			target = DBF249C32B2CDCA10042D967 /* FlashLight */;
			targetProxy = DBF249D52B2CDCA40042D967 /* PBXContainerItemProxy */;
		};
		DBF249E02B2CDCA40042D967 /* PBXTargetDependency */ = {
			isa = PBXTargetDependency;
			target = DBF249C32B2CDCA10042D967 /* FlashLight */;
			targetProxy = DBF249DF2B2CDCA40042D967 /* PBXContainerItemProxy */;
		};
/* End PBXTargetDependency section */

/* Begin XCBuildConfiguration section */
		DBF249E62B2CDCA40042D967 /* Debug */ = {
			isa = XCBuildConfiguration;
			buildSettings = {
				ALWAYS_SEARCH_USER_PATHS = NO;
				ASSETCATALOG_COMPILER_GENERATE_SWIFT_ASSET_SYMBOL_EXTENSIONS = YES;
				CLANG_ANALYZER_NONNULL = YES;
				CLANG_ANALYZER_NUMBER_OBJECT_CONVERSION = YES_AGGRESSIVE;
				CLANG_CXX_LANGUAGE_STANDARD = "gnu++20";
				CLANG_ENABLE_MODULES = YES;
				CLANG_ENABLE_OBJC_ARC = YES;
				CLANG_ENABLE_OBJC_WEAK = YES;
				CLANG_WARN_BLOCK_CAPTURE_AUTORELEASING = YES;
				CLANG_WARN_BOOL_CONVERSION = YES;
				CLANG_WARN_COMMA = YES;
				CLANG_WARN_CONSTANT_CONVERSION = YES;
				CLANG_WARN_DEPRECATED_OBJC_IMPLEMENTATIONS = YES;
				CLANG_WARN_DIRECT_OBJC_ISA_USAGE = YES_ERROR;
				CLANG_WARN_DOCUMENTATION_COMMENTS = YES;
				CLANG_WARN_EMPTY_BODY = YES;
				CLANG_WARN_ENUM_CONVERSION = YES;
				CLANG_WARN_INFINITE_RECURSION = YES;
				CLANG_WARN_INT_CONVERSION = YES;
				CLANG_WARN_NON_LITERAL_NULL_CONVERSION = YES;
				CLANG_WARN_OBJC_IMPLICIT_RETAIN_SELF = YES;
				CLANG_WARN_OBJC_LITERAL_CONVERSION = YES;
				CLANG_WARN_OBJC_ROOT_CLASS = YES_ERROR;
				CLANG_WARN_QUOTED_INCLUDE_IN_FRAMEWORK_HEADER = YES;
				CLANG_WARN_RANGE_LOOP_ANALYSIS = YES;
				CLANG_WARN_STRICT_PROTOTYPES = YES;
				CLANG_WARN_SUSPICIOUS_MOVE = YES;
				CLANG_WARN_UNGUARDED_AVAILABILITY = YES_AGGRESSIVE;
				CLANG_WARN_UNREACHABLE_CODE = YES;
				CLANG_WARN__DUPLICATE_METHOD_MATCH = YES;
				COPY_PHASE_STRIP = NO;
				DEBUG_INFORMATION_FORMAT = dwarf;
				ENABLE_STRICT_OBJC_MSGSEND = YES;
				ENABLE_TESTABILITY = YES;
				ENABLE_USER_SCRIPT_SANDBOXING = YES;
				GCC_C_LANGUAGE_STANDARD = gnu17;
				GCC_DYNAMIC_NO_PIC = NO;
				GCC_NO_COMMON_BLOCKS = YES;
				GCC_OPTIMIZATION_LEVEL = 0;
				GCC_PREPROCESSOR_DEFINITIONS = (
					"DEBUG=1",
					"$(inherited)",
				);
				GCC_WARN_64_TO_32_BIT_CONVERSION = YES;
				GCC_WARN_ABOUT_RETURN_TYPE = YES_ERROR;
				GCC_WARN_UNDECLARED_SELECTOR = YES;
				GCC_WARN_UNINITIALIZED_AUTOS = YES_AGGRESSIVE;
				GCC_WARN_UNUSED_FUNCTION = YES;
				GCC_WARN_UNUSED_VARIABLE = YES;
				IPHONEOS_DEPLOYMENT_TARGET = 17.2;
				LOCALIZATION_PREFERS_STRING_CATALOGS = YES;
				MTL_ENABLE_DEBUG_INFO = INCLUDE_SOURCE;
				MTL_FAST_MATH = YES;
				ONLY_ACTIVE_ARCH = YES;
				SDKROOT = iphoneos;
				SWIFT_ACTIVE_COMPILATION_CONDITIONS = "DEBUG $(inherited)";
				SWIFT_OPTIMIZATION_LEVEL = "-Onone";
			};
			name = Debug;
		};
		DBF249E72B2CDCA40042D967 /* Release */ = {
			isa = XCBuildConfiguration;
			buildSettings = {
				ALWAYS_SEARCH_USER_PATHS = NO;
				ASSETCATALOG_COMPILER_GENERATE_SWIFT_ASSET_SYMBOL_EXTENSIONS = YES;
				CLANG_ANALYZER_NONNULL = YES;
				CLANG_ANALYZER_NUMBER_OBJECT_CONVERSION = YES_AGGRESSIVE;
				CLANG_CXX_LANGUAGE_STANDARD = "gnu++20";
				CLANG_ENABLE_MODULES = YES;
				CLANG_ENABLE_OBJC_ARC = YES;
				CLANG_ENABLE_OBJC_WEAK = YES;
				CLANG_WARN_BLOCK_CAPTURE_AUTORELEASING = YES;
				CLANG_WARN_BOOL_CONVERSION = YES;
				CLANG_WARN_COMMA = YES;
				CLANG_WARN_CONSTANT_CONVERSION = YES;
				CLANG_WARN_DEPRECATED_OBJC_IMPLEMENTATIONS = YES;
				CLANG_WARN_DIRECT_OBJC_ISA_USAGE = YES_ERROR;
				CLANG_WARN_DOCUMENTATION_COMMENTS = YES;
				CLANG_WARN_EMPTY_BODY = YES;
				CLANG_WARN_ENUM_CONVERSION = YES;
				CLANG_WARN_INFINITE_RECURSION = YES;
				CLANG_WARN_INT_CONVERSION = YES;
				CLANG_WARN_NON_LITERAL_NULL_CONVERSION = YES;
				CLANG_WARN_OBJC_IMPLICIT_RETAIN_SELF = YES;
				CLANG_WARN_OBJC_LITERAL_CONVERSION = YES;
				CLANG_WARN_OBJC_ROOT_CLASS = YES_ERROR;
				CLANG_WARN_QUOTED_INCLUDE_IN_FRAMEWORK_HEADER = YES;
				CLANG_WARN_RANGE_LOOP_ANALYSIS = YES;
				CLANG_WARN_STRICT_PROTOTYPES = YES;
				CLANG_WARN_SUSPICIOUS_MOVE = YES;
				CLANG_WARN_UNGUARDED_AVAILABILITY = YES_AGGRESSIVE;
				CLANG_WARN_UNREACHABLE_CODE = YES;
				CLANG_WARN__DUPLICATE_METHOD_MATCH = YES;
				COPY_PHASE_STRIP = NO;
				DEBUG_INFORMATION_FORMAT = "dwarf-with-dsym";
				ENABLE_NS_ASSERTIONS = NO;
				ENABLE_STRICT_OBJC_MSGSEND = YES;
				ENABLE_USER_SCRIPT_SANDBOXING = YES;
				GCC_C_LANGUAGE_STANDARD = gnu17;
				GCC_NO_COMMON_BLOCKS = YES;
				GCC_WARN_64_TO_32_BIT_CONVERSION = YES;
				GCC_WARN_ABOUT_RETURN_TYPE = YES_ERROR;
				GCC_WARN_UNDECLARED_SELECTOR = YES;
				GCC_WARN_UNINITIALIZED_AUTOS = YES_AGGRESSIVE;
				GCC_WARN_UNUSED_FUNCTION = YES;
				GCC_WARN_UNUSED_VARIABLE = YES;
				IPHONEOS_DEPLOYMENT_TARGET = 17.2;
				LOCALIZATION_PREFERS_STRING_CATALOGS = YES;
				MTL_ENABLE_DEBUG_INFO = NO;
				MTL_FAST_MATH = YES;
				SDKROOT = iphoneos;
				SWIFT_COMPILATION_MODE = wholemodule;
				VALIDATE_PRODUCT = YES;
			};
			name = Release;
		};
		DBF249E92B2CDCA40042D967 /* Debug */ = {
			isa = XCBuildConfiguration;
			buildSettings = {
				ASSETCATALOG_COMPILER_APPICON_NAME = AppIcon;
				ASSETCATALOG_COMPILER_GLOBAL_ACCENT_COLOR_NAME = AccentColor;
				CODE_SIGN_STYLE = Automatic;
				CURRENT_PROJECT_VERSION = 1;
				DEVELOPMENT_ASSET_PATHS = "\"FlashLight/Preview Content\"";
				ENABLE_PREVIEWS = YES;
				GENERATE_INFOPLIST_FILE = YES;
				INFOPLIST_KEY_UIApplicationSceneManifest_Generation = YES;
				INFOPLIST_KEY_UIApplicationSupportsIndirectInputEvents = YES;
				INFOPLIST_KEY_UILaunchScreen_Generation = YES;
				INFOPLIST_KEY_UISupportedInterfaceOrientations_iPad = "UIInterfaceOrientationPortrait UIInterfaceOrientationPortraitUpsideDown UIInterfaceOrientationLandscapeLeft UIInterfaceOrientationLandscapeRight";
				INFOPLIST_KEY_UISupportedInterfaceOrientations_iPhone = "UIInterfaceOrientationPortrait UIInterfaceOrientationLandscapeLeft UIInterfaceOrientationLandscapeRight";
				LD_RUNPATH_SEARCH_PATHS = (
					"$(inherited)",
					"@executable_path/Frameworks",
				);
				MARKETING_VERSION = 1.0;
				PRODUCT_BUNDLE_IDENTIFIER = Cambrian.FlashLight;
				PRODUCT_NAME = "$(TARGET_NAME)";
				SWIFT_EMIT_LOC_STRINGS = YES;
				SWIFT_VERSION = 5.0;
				TARGETED_DEVICE_FAMILY = "1,2";
			};
			name = Debug;
		};
		DBF249EA2B2CDCA40042D967 /* Release */ = {
			isa = XCBuildConfiguration;
			buildSettings = {
				ASSETCATALOG_COMPILER_APPICON_NAME = AppIcon;
				ASSETCATALOG_COMPILER_GLOBAL_ACCENT_COLOR_NAME = AccentColor;
				CODE_SIGN_STYLE = Automatic;
				CURRENT_PROJECT_VERSION = 1;
				DEVELOPMENT_ASSET_PATHS = "\"FlashLight/Preview Content\"";
				ENABLE_PREVIEWS = YES;
				GENERATE_INFOPLIST_FILE = YES;
				INFOPLIST_KEY_UIApplicationSceneManifest_Generation = YES;
				INFOPLIST_KEY_UIApplicationSupportsIndirectInputEvents = YES;
				INFOPLIST_KEY_UILaunchScreen_Generation = YES;
				INFOPLIST_KEY_UISupportedInterfaceOrientations_iPad = "UIInterfaceOrientationPortrait UIInterfaceOrientationPortraitUpsideDown UIInterfaceOrientationLandscapeLeft UIInterfaceOrientationLandscapeRight";
				INFOPLIST_KEY_UISupportedInterfaceOrientations_iPhone = "UIInterfaceOrientationPortrait UIInterfaceOrientationLandscapeLeft UIInterfaceOrientationLandscapeRight";
				LD_RUNPATH_SEARCH_PATHS = (
					"$(inherited)",
					"@executable_path/Frameworks",
				);
				MARKETING_VERSION = 1.0;
				PRODUCT_BUNDLE_IDENTIFIER = Cambrian.FlashLight;
				PRODUCT_NAME = "$(TARGET_NAME)";
				SWIFT_EMIT_LOC_STRINGS = YES;
				SWIFT_VERSION = 5.0;
				TARGETED_DEVICE_FAMILY = "1,2";
			};
			name = Release;
		};
		DBF249EC2B2CDCA40042D967 /* Debug */ = {
			isa = XCBuildConfiguration;
			buildSettings = {
				ALWAYS_EMBED_SWIFT_STANDARD_LIBRARIES = YES;
				BUNDLE_LOADER = "$(TEST_HOST)";
				CODE_SIGN_STYLE = Automatic;
				CURRENT_PROJECT_VERSION = 1;
				GENERATE_INFOPLIST_FILE = YES;
				IPHONEOS_DEPLOYMENT_TARGET = 17.2;
				MARKETING_VERSION = 1.0;
				PRODUCT_BUNDLE_IDENTIFIER = Cambrian.FlashLightTests;
				PRODUCT_NAME = "$(TARGET_NAME)";
				SWIFT_EMIT_LOC_STRINGS = NO;
				SWIFT_VERSION = 5.0;
				TARGETED_DEVICE_FAMILY = "1,2";
				TEST_HOST = "$(BUILT_PRODUCTS_DIR)/FlashLight.app/$(BUNDLE_EXECUTABLE_FOLDER_PATH)/FlashLight";
			};
			name = Debug;
		};
		DBF249ED2B2CDCA40042D967 /* Release */ = {
			isa = XCBuildConfiguration;
			buildSettings = {
				ALWAYS_EMBED_SWIFT_STANDARD_LIBRARIES = YES;
				BUNDLE_LOADER = "$(TEST_HOST)";
				CODE_SIGN_STYLE = Automatic;
				CURRENT_PROJECT_VERSION = 1;
				GENERATE_INFOPLIST_FILE = YES;
				IPHONEOS_DEPLOYMENT_TARGET = 17.2;
				MARKETING_VERSION = 1.0;
				PRODUCT_BUNDLE_IDENTIFIER = Cambrian.FlashLightTests;
				PRODUCT_NAME = "$(TARGET_NAME)";
				SWIFT_EMIT_LOC_STRINGS = NO;
				SWIFT_VERSION = 5.0;
				TARGETED_DEVICE_FAMILY = "1,2";
				TEST_HOST = "$(BUILT_PRODUCTS_DIR)/FlashLight.app/$(BUNDLE_EXECUTABLE_FOLDER_PATH)/FlashLight";
			};
			name = Release;
		};
		DBF249EF2B2CDCA40042D967 /* Debug */ = {
			isa = XCBuildConfiguration;
			buildSettings = {
				ALWAYS_EMBED_SWIFT_STANDARD_LIBRARIES = YES;
				CODE_SIGN_STYLE = Automatic;
				CURRENT_PROJECT_VERSION = 1;
				GENERATE_INFOPLIST_FILE = YES;
				MARKETING_VERSION = 1.0;
				PRODUCT_BUNDLE_IDENTIFIER = Cambrian.FlashLightUITests;
				PRODUCT_NAME = "$(TARGET_NAME)";
				SWIFT_EMIT_LOC_STRINGS = NO;
				SWIFT_VERSION = 5.0;
				TARGETED_DEVICE_FAMILY = "1,2";
				TEST_TARGET_NAME = FlashLight;
			};
			name = Debug;
		};
		DBF249F02B2CDCA40042D967 /* Release */ = {
			isa = XCBuildConfiguration;
			buildSettings = {
				ALWAYS_EMBED_SWIFT_STANDARD_LIBRARIES = YES;
				CODE_SIGN_STYLE = Automatic;
				CURRENT_PROJECT_VERSION = 1;
				GENERATE_INFOPLIST_FILE = YES;
				MARKETING_VERSION = 1.0;
				PRODUCT_BUNDLE_IDENTIFIER = Cambrian.FlashLightUITests;
				PRODUCT_NAME = "$(TARGET_NAME)";
				SWIFT_EMIT_LOC_STRINGS = NO;
				SWIFT_VERSION = 5.0;
				TARGETED_DEVICE_FAMILY = "1,2";
				TEST_TARGET_NAME = FlashLight;
			};
			name = Release;
		};
/* End XCBuildConfiguration section */

/* Begin XCConfigurationList section */
		DBF249BF2B2CDCA10042D967 /* Build configuration list for PBXProject "FlashLight" */ = {
			isa = XCConfigurationList;
			buildConfigurations = (
				DBF249E62B2CDCA40042D967 /* Debug */,
				DBF249E72B2CDCA40042D967 /* Release */,
			);
			defaultConfigurationIsVisible = 0;
			defaultConfigurationName = Release;
		};
		DBF249E82B2CDCA40042D967 /* Build configuration list for PBXNativeTarget "FlashLight" */ = {
			isa = XCConfigurationList;
			buildConfigurations = (
				DBF249E92B2CDCA40042D967 /* Debug */,
				DBF249EA2B2CDCA40042D967 /* Release */,
			);
			defaultConfigurationIsVisible = 0;
			defaultConfigurationName = Release;
		};
		DBF249EB2B2CDCA40042D967 /* Build configuration list for PBXNativeTarget "FlashLightTests" */ = {
			isa = XCConfigurationList;
			buildConfigurations = (
				DBF249EC2B2CDCA40042D967 /* Debug */,
				DBF249ED2B2CDCA40042D967 /* Release */,
			);
			defaultConfigurationIsVisible = 0;
			defaultConfigurationName = Release;
		};
		DBF249EE2B2CDCA40042D967 /* Build configuration list for PBXNativeTarget "FlashLightUITests" */ = {
			isa = XCConfigurationList;
			buildConfigurations = (
				DBF249EF2B2CDCA40042D967 /* Debug */,
				DBF249F02B2CDCA40042D967 /* Release */,
			);
			defaultConfigurationIsVisible = 0;
			defaultConfigurationName = Release;
		};
/* End XCConfigurationList section */
	};
	rootObject = DBF249BC2B2CDCA10042D967 /* Project object */;
}
